<?xml version="1.0" encoding="utf-8"?>
<Project ToolsVersion="4.0" xmlns="http://schemas.microsoft.com/developer/msbuild/2003">
  <ItemGroup>
    <Filter Include="Resource Files">
      <UniqueIdentifier>{67DA6AB6-F800-4c08-8B7A-83BB121AAD01}</UniqueIdentifier>
      <Extensions>rc;ico;cur;bmp;dlg;rc2;rct;bin;rgs;gif;jpg;jpeg;jpe;resx;tiff;tif;png;wav;mfcribbon-ms</Extensions>
    </Filter>
    <Filter Include="Observers And Subjects">
      <UniqueIdentifier>{68bbdfcd-0818-4769-ac41-73d07917134b}</UniqueIdentifier>
    </Filter>
    <Filter Include="Scripts">
      <UniqueIdentifier>{889933c8-fc8b-4c46-89a8-fe2afeadd264}</UniqueIdentifier>
    </Filter>
    <Filter Include="Scripts\Player">
      <UniqueIdentifier>{99067164-39ec-4871-a796-24ca67006d60}</UniqueIdentifier>
    </Filter>
    <Filter Include="Scripts\Levels">
      <UniqueIdentifier>{30c1918b-c201-489d-bb4e-2348f1a9a1e0}</UniqueIdentifier>
    </Filter>
    <Filter Include="Scripts\Menus">
      <UniqueIdentifier>{3cf467b5-fb68-4e4f-8be8-2a3efd54d824}</UniqueIdentifier>
    </Filter>
    <Filter Include="Core Game Files">
      <UniqueIdentifier>{4FC737F1-C7A5-4376-A066-2A32D752A2FF}</UniqueIdentifier>
      <Extensions>cpp;c;cc;cxx;def;odl;idl;hpj;bat;asm;asmx</Extensions>
    </Filter>
    <Filter Include="Scripts\Enemies">
      <UniqueIdentifier>{ca742253-9d75-4f02-94d4-22a84ac78661}</UniqueIdentifier>
    </Filter>
  </ItemGroup>
  <ItemGroup>
    <ClInclude Include="PlayerBehaviour.h">
      <Filter>Scripts\Player</Filter>
    </ClInclude>
    <ClInclude Include="LevelBehaviour.h">
      <Filter>Scripts\Levels</Filter>
    </ClInclude>
    <ClInclude Include="MainMenu.h">
      <Filter>Scripts\Menus</Filter>
    </ClInclude>
    <ClInclude Include="InputCommands.h">
      <Filter>Core Game Files</Filter>
    </ClInclude>
    <ClInclude Include="ZenBehaviour.h">
      <Filter>Scripts\Enemies</Filter>
    </ClInclude>
    <ClInclude Include="Bubble.h">
      <Filter>Scripts\Player</Filter>
    </ClInclude>
    <ClInclude Include="MaitaBehaviour.h">
      <Filter>Scripts\Enemies</Filter>
    </ClInclude>
    <ClInclude Include="Boulder.h">
      <Filter>Scripts\Enemies</Filter>
    </ClInclude>
    <ClInclude Include="UIObserver.h">
      <Filter>Observers And Subjects</Filter>
    </ClInclude>
  </ItemGroup>
  <ItemGroup>
    <ClCompile Include="Main.cpp">
      <Filter>Core Game Files</Filter>
    </ClCompile>
    <ClCompile Include="PlayerBehaviour.cpp">
      <Filter>Scripts\Player</Filter>
    </ClCompile>
    <ClCompile Include="LevelBehaviour.cpp">
      <Filter>Scripts\Levels</Filter>
    </ClCompile>
    <ClCompile Include="MainMenu.cpp">
      <Filter>Scripts\Menus</Filter>
    </ClCompile>
    <ClCompile Include="ZenBehaviour.cpp">
      <Filter>Scripts\Enemies</Filter>
    </ClCompile>
    <ClCompile Include="Bubble.cpp">
      <Filter>Scripts\Player</Filter>
    </ClCompile>
    <ClCompile Include="MaitaBehaviour.cpp">
      <Filter>Scripts\Enemies</Filter>
    </ClCompile>
    <ClCompile Include="Boulder.cpp">
      <Filter>Scripts\Enemies</Filter>
    </ClCompile>
    <ClCompile Include="UIObserver.cpp">
      <Filter>Observers And Subjects</Filter>
    </ClCompile>
  </ItemGroup>
</Project>